
Microsoft Visual Studio Solution File, Format Version 12.00
# Visual Studio 15
VisualStudioVersion = 15.0.27130.2024
MinimumVisualStudioVersion = 10.0.40219.1
Project("{8BC9CEB8-8B4A-11D0-8D11-00A0C91BC942}") = "InteractiveFiction", "InteractiveFiction\InteractiveFiction.vcxproj", "{6E9F7776-7454-41A0-8A73-2C9C3245F4FD}"
EndProject
Global
	GlobalSection(SolutionConfigurationPlatforms) = preSolution
		Debug|x64 = Debug|x64
		Debug|x86 = Debug|x86
		Release|x64 = Release|x64
		Release|x86 = Release|x86
	EndGlobalSection
	GlobalSection(ProjectConfigurationPlatforms) = postSolution
		{6E9F7776-7454-41A0-8A73-2C9C3245F4FD}.Debug|x64.ActiveCfg = Debug|x64
		{6E9F7776-7454-41A0-8A73-2C9C3245F4FD}.Debug|x64.Build.0 = Debug|x64
		{6E9F7776-7454-41A0-8A73-2C9C3245F4FD}.Debug|x86.ActiveCfg = Debug|Win32
		{6E9F7776-7454-41A0-8A73-2C9C3245F4FD}.Debug|x86.Build.0 = Debug|Win32
		{6E9F7776-7454-41A0-8A73-2C9C3245F4FD}.Release|x64.ActiveCfg = Release|x64
		{6E9F7776-7454-41A0-8A73-2C9C3245F4FD}.Release|x64.Build.0 = Release|x64
		{6E9F7776-7454-41A0-8A73-2C9C3245F4FD}.Release|x86.ActiveCfg = Release|Win32
		{6E9F7776-7454-41A0-8A73-2C9C3245F4FD}.Release|x86.Build.0 = Release|Win32
	EndGlobalSection
	GlobalSection(SolutionProperties) = preSolution
		HideSolutionNode = FALSE
	EndGlobalSection
	GlobalSection(ExtensibilityGlobals) = postSolution
		SolutionGuid = {E7D01A11-DC8D-4D55-98E7-F1446DAD3E68}
	EndGlobalSection
EndGlobal
